{
  "name": "james-liebel-portfolio",
  "version": "1.0.0",
  "lockfileVersion": 3,
  "requires": true,
  "packages": {
    "": {
      "name": "james-liebel-portfolio",
      "version": "1.0.0",
      "dependencies": {
        "@studio-freight/lenis": "^1.0.42",
        "gsap": "^3.12.2",
        "powerbi-client": "^2.22.0"
      }
    },
    "node_modules/@studio-freight/lenis": {
      "version": "1.0.42",
      "resolved": "https://registry.npmjs.org/@studio-freight/lenis/-/lenis-1.0.42.tgz",
      "integrity": "sha512-HJAGf2DeM+BTvKzHv752z6Z7zy6bA643nZM7W88Ft9tnw2GsJSp6iJ+3cekjyMIWH+cloL2U9X82dKXgdU8kPg==",
      "deprecated": "The '@studio-freight/lenis' package has been renamed to 'lenis'. Please update your dependencies: npm install lenis and visit the documentation: https://www.npmjs.com/package/lenis",
      "license": "MIT"
    },
    "node_modules/es6-promise": {
      "version": "3.3.1",
      "resolved": "https://registry.npmjs.org/es6-promise/-/es6-promise-3.3.1.tgz",
      "integrity": "sha512-SOp9Phqvqn7jtEUxPWdWfWoLmyt2VaJ6MpvP9Comy1MceMXqE6bxvaTu4iaxpYYPzhny28Lc+M87/c2cPK6lDg==",
      "license": "MIT"
    },
    "node_modules/gsap": {
      "version": "3.12.2",
      "resolved": "https://registry.npmjs.org/gsap/-/gsap-3.12.2.tgz",
      "integrity": "sha512-EkYnpG8qHgYBFAwsgsGEqvT1WUidX0tt/ijepx7z8EUJHElykg91RvW1XbkT59T0gZzzszOpjQv7SE41XuIXyQ==",
      "license": "Standard 'no charge' license: https://greensock.com/standard-license. Club GreenSock members get more: https://greensock.com/licensing/. Why GreenSock doesn't employ an MIT license: https://greensock.com/why-license/"
    },
    "node_modules/http-post-message": {
      "version": "0.2.5",
      "resolved": "https://registry.npmjs.org/http-post-message/-/http-post-message-0.2.5.tgz",
      "integrity": "sha512-3UHhrp/DAq7BcIPVlp1J7cz1L5dA+JMJDhM5gLKCYyAdKWac5anwJk68EXFO9f+eTVM3VRp2bA3Z/dZSslfKHA==",
      "license": "MIT",
      "dependencies": {
        "es6-promise": "^3.2.1"
      }
    },
    "node_modules/powerbi-client": {
      "version": "2.22.0",
      "resolved": "https://registry.npmjs.org/powerbi-client/-/powerbi-client-2.22.0.tgz",
      "integrity": "sha512-jQVYvF5n8Clhh4zvCtQeHw2rKiYJjcfYfE1dGO3vTmr9DZIH5DJpdJfP2QsylsqIZbyi7I2Nb24dDOsrHxsZZA==",
      "license": "MIT",
      "dependencies": {
        "http-post-message": "^0.2",
        "powerbi-models": "^1.12.1",
        "powerbi-router": "^0.1",
        "window-post-message-proxy": "^0.2"
      }
    },
    "node_modules/powerbi-models": {
      "version": "1.15.3",
      "resolved": "https://registry.npmjs.org/powerbi-models/-/powerbi-models-1.15.3.tgz",
      "integrity": "sha512-hzAG1Ih8hWBA83/cBy7mV+TDlRZVHEB6xjgYXBWd+LEuDZvxtTowSHis+c4Lk0LUMR/picCLxs5I8cSjVvTlNQ==",
      "license": "MIT"
    },
    "node_modules/powerbi-router": {
      "version": "0.1.5",
      "resolved": "https://registry.npmjs.org/powerbi-router/-/powerbi-router-0.1.5.tgz",
      "integrity": "sha512-DFJCKxwh/DqMZXtHSo6xZl87mbRviZGn4P7Oi2rT0L4HMI4AjnWIrwg0JCSM7ymBzYnNe5UmrsCaf2Upur5RQA==",
      "license": "MIT",
      "dependencies": {
        "es6-promise": "^3.2.1",
        "route-recognizer": "^0.1.11"
      }
    },
    "node_modules/route-recognizer": {
      "version": "0.1.11",
      "resolved": "https://registry.npmjs.org/route-recognizer/-/route-recognizer-0.1.11.tgz",
      "integrity": "sha512-7JNu5mXQVa39zxmUKyk/bfpeF2WyEC5JKVTJO5HATcoUQpcQsI3eLzhwGU69xeOagQxfOQ+yr2sSv0G8xy+vQA==",
      "license": "MIT"
    },
    "node_modules/window-post-message-proxy": {
      "version": "0.2.9",
      "resolved": "https://registry.npmjs.org/window-post-message-proxy/-/window-post-message-proxy-0.2.9.tgz",
      "integrity": "sha512-hHmF5dvY27wy4EKN9c5qukPtzlbrdUzkMiCHud4gYKXCFAiGOBhCfi/dVBvwbUf0qrEGwFNnqkvk6DE54sdlcw==",
      "license": "MIT",
      "dependencies": {
        "es6-promise": "^3.1.2"
      }
    }
  }
}
